github.com/chromedp/cdproto v0.0.0-20220924210414-0e3390be1777 h1:nEnjcdmVQjhtQm0RFJxRINMw7lsQ8gidtbpsidiDqpY=
github.com/chromedp/cdproto v0.0.0-20220924210414-0e3390be1777/go.mod h1:5Y4sD/eXpwrChIuxhSr/G20n9CdbCmoerOHnuAf0Zr0=
github.com/chromedp/cdproto v0.0.0-20241222144035-c16d098c0fb6 h1:dAUcp/W5RpJSZW/HksEHfAAoMBIvSFFIwslAFEte+6g=
github.com/chromedp/cdproto v0.0.0-20241222144035-c16d098c0fb6/go.mod h1:4XqMl3iIW08jtieURWL6Tt5924w21pxirC6th662XUM=
github.com/chromedp/chromedp v0.8.5 h1:HAVg54yQFcn7sg5reVjXtoI1eQaFxhjAjflHACicUFw=
github.com/chromedp/chromedp v0.8.5/go.mod h1:xal2XY5Di7m/bzlGwtoYpmgIOfDqCakOIVg5OfdkPZ4=
github.com/chromedp/chromedp v0.11.2 h1:ZRHTh7DjbNTlfIv3NFTbB7eVeu5XCNkgrpcGSpn2oX0=
github.com/chromedp/chromedp v0.11.2/go.mod h1:lr8dFRLKsdTTWb75C/Ttol2vnBKOSnt0BW8R9Xaupi8=
github.com/chromedp/sysutil v1.0.0 h1:+ZxhTpfpZlmchB58ih/LBHX52ky7w2VhQVKQMucy3Ic=
github.com/chromedp/sysutil v1.0.0/go.mod h1:kgWmDdq8fTzXYcKIBqIYvRRTnYb9aNS9moAV0xufSww=
github.com/chromedp/sysutil v1.1.0 h1:PUFNv5EcprjqXZD9nJb9b/c9ibAbxiYo4exNWZyipwM=
github.com/chromedp/sysutil v1.1.0/go.mod h1:WiThHUdltqCNKGc4gaU50XgYjwjYIhKWoHGPTUfWTJ8=
github.com/gobwas/httphead v0.1.0 h1:exrUm0f4YX0L7EBwZHuCF4GDp8aJfVeBrlLQrs6NqWU=
github.com/gobwas/httphead v0.1.0/go.mod h1:O/RXo79gxV8G+RqlR/otEwx4Q36zl9rqC5u12GKvMCM=
github.com/gobwas/pool v0.2.1 h1:xfeeEhW7pwmX8nuLVlqbzVc7udMDrwetjEv+TZIz1og=
github.com/gobwas/pool v0.2.1/go.mod h1:q8bcK0KcYlCgd9e7WYLm9LpyS+YeLd8JVDW6WezmKEw=
github.com/gobwas/ws v1.1.0 h1:7RFti/xnNkMJnrK7D1yQ/iCIB5OrrY/54/H930kIbHA=
github.com/gobwas/ws v1.1.0/go.mod h1:nzvNcVha5eUziGrbxFCo6qFIojQHjJV5cLYIbezhfL0=
github.com/gobwas/ws v1.4.0 h1:CTaoG1tojrh4ucGPcoJFiAQUAsEWekEWvLy7GsVNqGs=
github.com/gobwas/ws v1.4.0/go.mod h1:G3gNqMNtPppf5XUz7O4shetPpcZ1VJ7zt18dlUeakrc=
github.com/josharian/intern v1.0.0 h1:vlS4z54oSdjm0bgjRigI+G1HpF+tI+9rE5LLzOg8HmY=
github.com/josharian/intern v1.0.0/go.mod h1:5DoeVV0s6jJacbCEi61lwdGj/aVlrQvzHFFd8Hwg//Y=
github.com/ledongthuc/pdf v0.0.0-20220302134840-0c2507a12d80 h1:6Yzfa6GP0rIo/kULo2bwGEkFvCePZ3qHDDTC3/J9Swo=
github.com/liuminhaw/renderer v0.9.1 h1:aD4vG4pjwgKBerVLtDg+/NUTUPi6cJeN++blQgeSO2E=
github.com/liuminhaw/renderer v0.9.1/go.mod h1:3Nu5vkGlYvpg+SOTudqZh+AuicvRTtfNmbx6U5ZLdUI=
github.com/mailru/easyjson v0.7.7 h1:UGYAvKxe3sBsEDzO8ZeWOSlIQfWFlxbzLZe7hwFURr0=
github.com/mailru/easyjson v0.7.7/go.mod h1:xzfreul335JAWq5oZzymOObrkdz5UnU4kGfJJLY9Nlc=
github.com/mailru/easyjson v0.9.0 h1:PrnmzHw7262yW8sTBwxi1PdJA3Iw/EKBa8psRf7d9a4=
github.com/mailru/easyjson v0.9.0/go.mod h1:1+xMtQp2MRNVL/V1bOzuP3aP8VNwRW55fQUto+XFtTU=
github.com/orisano/pixelmatch v0.0.0-20220722002657-fb0b55479cde h1:x0TT0RDC7UhAVbbWWBzr41ElhJx5tXPWkIHA2HWPRuw=
golang.org/x/net v0.0.0-20220921203646-d300de134e69 h1:hUJpGDpnfwdJW8iNypFjmSY0sCBEL+spFTZ2eO+Sfps=
golang.org/x/net v0.0.0-20220921203646-d300de134e69/go.mod h1:YDH+HFinaLZZlnHAfSS6ZXJJ9M9t4Dl22yv3iI2vPwk=
golang.org/x/net v0.33.0 h1:74SYHlV8BIgHIFC/LrYkOGIwL19eTYXQ5wc6TBuO36I=
golang.org/x/net v0.33.0/go.mod h1:HXLR5J+9DxmrqMwG9qjGCxZ+zKXxBru04zlTvWlWuN4=
golang.org/x/sys v0.0.0-20201207223542-d4d67f95c62d/go.mod h1:h1NjWce9XRLGQEsW7wpKNCjG9DtNlClVuFLEZdDNbEs=
golang.org/x/sys v0.0.0-20220926163933-8cfa568d3c25 h1:nwzwVf0l2Y/lkov/+IYgMMbFyI+QypZDds9RxlSmsFQ=
golang.org/x/sys v0.0.0-20220926163933-8cfa568d3c25/go.mod h1:oPkhp1MJrh7nUepCBck5+mAzfO9JrbApNNgaTdGDITg=
golang.org/x/sys v0.6.0/go.mod h1:oPkhp1MJrh7nUepCBck5+mAzfO9JrbApNNgaTdGDITg=
golang.org/x/sys v0.28.0 h1:Fksou7UEQUWlKvIdsqzJmUmCX3cZuD2+P3XyyzwMhlA=
golang.org/x/sys v0.28.0/go.mod h1:/VUhepiaJMQUp4+oa/7Zr1D23ma6VTLIYjOOTFZPUcA=
